
Microsoft Visual Studio Solution File, Format Version 12.00
# Visual Studio Version 16
VisualStudioVersion = 16.0.29411.108
MinimumVisualStudioVersion = 10.0.40219.1
Project("{9A19103F-16F7-4668-BE54-9A1E7A4F7556}") = "OS2syncAD", "OS2syncAD\OS2syncAD.csproj", "{A50D4625-E3CC-4A93-807B-256BF26F6542}"
EndProject
Global
	GlobalSection(SolutionConfigurationPlatforms) = preSolution
		Debug|Any CPU = Debug|Any CPU
		Release|Any CPU = Release|Any CPU
	EndGlobalSection
	GlobalSection(ProjectConfigurationPlatforms) = postSolution
		{A50D4625-E3CC-4A93-807B-256BF26F6542}.Debug|Any CPU.ActiveCfg = Debug|Any CPU
		{A50D4625-E3CC-4A93-807B-256BF26F6542}.Debug|Any CPU.Build.0 = Debug|Any CPU
		{A50D4625-E3CC-4A93-807B-256BF26F6542}.Release|Any CPU.ActiveCfg = Release|Any CPU
		{A50D4625-E3CC-4A93-807B-256BF26F6542}.Release|Any CPU.Build.0 = Release|Any CPU
	EndGlobalSection
	GlobalSection(SolutionProperties) = preSolution
		HideSolutionNode = FALSE
	EndGlobalSection
	GlobalSection(ExtensibilityGlobals) = postSolution
		SolutionGuid = {6C63B4AC-B683-4F17-AC3D-67FFDC194871}
	EndGlobalSection
EndGlobal
